
Microsoft Visual Studio Solution File, Format Version 12.00
# Visual Studio Version 17
VisualStudioVersion = 17.0.31903.59
MinimumVisualStudioVersion = 10.0.40219.1
Project("{FAE04EC0-301F-11D3-BF4B-00C04F79EFBC}") = "cashboxNet", "cashboxNet.csproj", "{EA92C189-A849-4C74-AE11-8CC229C4C281}"
EndProject
Global
	GlobalSection(SolutionConfigurationPlatforms) = preSolution
		Debug|Any CPU = Debug|Any CPU
		Debug|x64 = Debug|x64
		Debug|x86 = Debug|x86
		Release|Any CPU = Release|Any CPU
		Release|x64 = Release|x64
		Release|x86 = Release|x86
	EndGlobalSection
	GlobalSection(ProjectConfigurationPlatforms) = postSolution
		{EA92C189-A849-4C74-AE11-8CC229C4C281}.Debug|Any CPU.ActiveCfg = Debug|Any CPU
		{EA92C189-A849-4C74-AE11-8CC229C4C281}.Debug|Any CPU.Build.0 = Debug|Any CPU
		{EA92C189-A849-4C74-AE11-8CC229C4C281}.Debug|x64.ActiveCfg = Debug|Any CPU
		{EA92C189-A849-4C74-AE11-8CC229C4C281}.Debug|x64.Build.0 = Debug|Any CPU
		{EA92C189-A849-4C74-AE11-8CC229C4C281}.Debug|x86.ActiveCfg = Debug|Any CPU
		{EA92C189-A849-4C74-AE11-8CC229C4C281}.Debug|x86.Build.0 = Debug|Any CPU
		{EA92C189-A849-4C74-AE11-8CC229C4C281}.Release|Any CPU.ActiveCfg = Release|Any CPU
		{EA92C189-A849-4C74-AE11-8CC229C4C281}.Release|Any CPU.Build.0 = Release|Any CPU
		{EA92C189-A849-4C74-AE11-8CC229C4C281}.Release|x64.ActiveCfg = Release|Any CPU
		{EA92C189-A849-4C74-AE11-8CC229C4C281}.Release|x64.Build.0 = Release|Any CPU
		{EA92C189-A849-4C74-AE11-8CC229C4C281}.Release|x86.ActiveCfg = Release|Any CPU
		{EA92C189-A849-4C74-AE11-8CC229C4C281}.Release|x86.Build.0 = Release|Any CPU
		{CC461830-78DD-4659-B93B-5B6B4D29DC80}.Debug|Any CPU.ActiveCfg = Debug|Any CPU
		{CC461830-78DD-4659-B93B-5B6B4D29DC80}.Debug|Any CPU.Build.0 = Debug|Any CPU
		{CC461830-78DD-4659-B93B-5B6B4D29DC80}.Debug|x64.ActiveCfg = Debug|x64
		{CC461830-78DD-4659-B93B-5B6B4D29DC80}.Debug|x64.Build.0 = Debug|x64
		{CC461830-78DD-4659-B93B-5B6B4D29DC80}.Debug|x86.ActiveCfg = Debug|x86
		{CC461830-78DD-4659-B93B-5B6B4D29DC80}.Debug|x86.Build.0 = Debug|x86
		{CC461830-78DD-4659-B93B-5B6B4D29DC80}.Release|Any CPU.ActiveCfg = Release|Any CPU
		{CC461830-78DD-4659-B93B-5B6B4D29DC80}.Release|Any CPU.Build.0 = Release|Any CPU
		{CC461830-78DD-4659-B93B-5B6B4D29DC80}.Release|x64.ActiveCfg = Release|x64
		{CC461830-78DD-4659-B93B-5B6B4D29DC80}.Release|x64.Build.0 = Release|x64
		{CC461830-78DD-4659-B93B-5B6B4D29DC80}.Release|x86.ActiveCfg = Release|x86
		{CC461830-78DD-4659-B93B-5B6B4D29DC80}.Release|x86.Build.0 = Release|x86
		{5384CE57-1F94-4D22-860D-2E9C1AC12DDF}.Debug|Any CPU.ActiveCfg = Debug|Any CPU
		{5384CE57-1F94-4D22-860D-2E9C1AC12DDF}.Debug|Any CPU.Build.0 = Debug|Any CPU
		{5384CE57-1F94-4D22-860D-2E9C1AC12DDF}.Debug|x64.ActiveCfg = Debug|Any CPU
		{5384CE57-1F94-4D22-860D-2E9C1AC12DDF}.Debug|x64.Build.0 = Debug|Any CPU
		{5384CE57-1F94-4D22-860D-2E9C1AC12DDF}.Debug|x86.ActiveCfg = Debug|Any CPU
		{5384CE57-1F94-4D22-860D-2E9C1AC12DDF}.Debug|x86.Build.0 = Debug|Any CPU
		{5384CE57-1F94-4D22-860D-2E9C1AC12DDF}.Release|Any CPU.ActiveCfg = Release|Any CPU
		{5384CE57-1F94-4D22-860D-2E9C1AC12DDF}.Release|Any CPU.Build.0 = Release|Any CPU
		{5384CE57-1F94-4D22-860D-2E9C1AC12DDF}.Release|x64.ActiveCfg = Release|Any CPU
		{5384CE57-1F94-4D22-860D-2E9C1AC12DDF}.Release|x64.Build.0 = Release|Any CPU
		{5384CE57-1F94-4D22-860D-2E9C1AC12DDF}.Release|x86.ActiveCfg = Release|Any CPU
		{5384CE57-1F94-4D22-860D-2E9C1AC12DDF}.Release|x86.Build.0 = Release|Any CPU
		{4666ABF3-EFE5-49BD-B2E8-9E04F5949145}.Debug|Any CPU.ActiveCfg = Debug|Any CPU
		{4666ABF3-EFE5-49BD-B2E8-9E04F5949145}.Debug|Any CPU.Build.0 = Debug|Any CPU
		{4666ABF3-EFE5-49BD-B2E8-9E04F5949145}.Debug|x64.ActiveCfg = Debug|Any CPU
		{4666ABF3-EFE5-49BD-B2E8-9E04F5949145}.Debug|x64.Build.0 = Debug|Any CPU
		{4666ABF3-EFE5-49BD-B2E8-9E04F5949145}.Debug|x86.ActiveCfg = Debug|Any CPU
		{4666ABF3-EFE5-49BD-B2E8-9E04F5949145}.Debug|x86.Build.0 = Debug|Any CPU
		{4666ABF3-EFE5-49BD-B2E8-9E04F5949145}.Release|Any CPU.ActiveCfg = Release|Any CPU
		{4666ABF3-EFE5-49BD-B2E8-9E04F5949145}.Release|Any CPU.Build.0 = Release|Any CPU
		{4666ABF3-EFE5-49BD-B2E8-9E04F5949145}.Release|x64.ActiveCfg = Release|Any CPU
		{4666ABF3-EFE5-49BD-B2E8-9E04F5949145}.Release|x64.Build.0 = Release|Any CPU
		{4666ABF3-EFE5-49BD-B2E8-9E04F5949145}.Release|x86.ActiveCfg = Release|Any CPU
		{4666ABF3-EFE5-49BD-B2E8-9E04F5949145}.Release|x86.Build.0 = Release|Any CPU
		{FEBBE5BE-9F58-4967-BBCF-801F1CFCD774}.Debug|Any CPU.ActiveCfg = Debug|Any CPU
		{FEBBE5BE-9F58-4967-BBCF-801F1CFCD774}.Debug|Any CPU.Build.0 = Debug|Any CPU
		{FEBBE5BE-9F58-4967-BBCF-801F1CFCD774}.Debug|x64.ActiveCfg = Debug|Any CPU
		{FEBBE5BE-9F58-4967-BBCF-801F1CFCD774}.Debug|x64.Build.0 = Debug|Any CPU
		{FEBBE5BE-9F58-4967-BBCF-801F1CFCD774}.Debug|x86.ActiveCfg = Debug|Any CPU
		{FEBBE5BE-9F58-4967-BBCF-801F1CFCD774}.Debug|x86.Build.0 = Debug|Any CPU
		{FEBBE5BE-9F58-4967-BBCF-801F1CFCD774}.Release|Any CPU.ActiveCfg = Release|Any CPU
		{FEBBE5BE-9F58-4967-BBCF-801F1CFCD774}.Release|Any CPU.Build.0 = Release|Any CPU
		{FEBBE5BE-9F58-4967-BBCF-801F1CFCD774}.Release|x64.ActiveCfg = Release|Any CPU
		{FEBBE5BE-9F58-4967-BBCF-801F1CFCD774}.Release|x64.Build.0 = Release|Any CPU
		{FEBBE5BE-9F58-4967-BBCF-801F1CFCD774}.Release|x86.ActiveCfg = Release|Any CPU
		{FEBBE5BE-9F58-4967-BBCF-801F1CFCD774}.Release|x86.Build.0 = Release|Any CPU
		{F33DDB9A-918F-43D9-A1CF-CECD269AD958}.Debug|Any CPU.ActiveCfg = Debug|Any CPU
		{F33DDB9A-918F-43D9-A1CF-CECD269AD958}.Debug|Any CPU.Build.0 = Debug|Any CPU
		{F33DDB9A-918F-43D9-A1CF-CECD269AD958}.Debug|x64.ActiveCfg = Debug|Any CPU
		{F33DDB9A-918F-43D9-A1CF-CECD269AD958}.Debug|x64.Build.0 = Debug|Any CPU
		{F33DDB9A-918F-43D9-A1CF-CECD269AD958}.Debug|x86.ActiveCfg = Debug|Any CPU
		{F33DDB9A-918F-43D9-A1CF-CECD269AD958}.Debug|x86.Build.0 = Debug|Any CPU
		{F33DDB9A-918F-43D9-A1CF-CECD269AD958}.Release|Any CPU.ActiveCfg = Release|Any CPU
		{F33DDB9A-918F-43D9-A1CF-CECD269AD958}.Release|Any CPU.Build.0 = Release|Any CPU
		{F33DDB9A-918F-43D9-A1CF-CECD269AD958}.Release|x64.ActiveCfg = Release|Any CPU
		{F33DDB9A-918F-43D9-A1CF-CECD269AD958}.Release|x64.Build.0 = Release|Any CPU
		{F33DDB9A-918F-43D9-A1CF-CECD269AD958}.Release|x86.ActiveCfg = Release|Any CPU
		{F33DDB9A-918F-43D9-A1CF-CECD269AD958}.Release|x86.Build.0 = Release|Any CPU
		{CFDB7D46-EA8D-47DE-B10A-9E755A1B48BA}.Debug|Any CPU.ActiveCfg = Debug|Any CPU
		{CFDB7D46-EA8D-47DE-B10A-9E755A1B48BA}.Debug|Any CPU.Build.0 = Debug|Any CPU
		{CFDB7D46-EA8D-47DE-B10A-9E755A1B48BA}.Debug|x64.ActiveCfg = Debug|Any CPU
		{CFDB7D46-EA8D-47DE-B10A-9E755A1B48BA}.Debug|x64.Build.0 = Debug|Any CPU
		{CFDB7D46-EA8D-47DE-B10A-9E755A1B48BA}.Debug|x86.ActiveCfg = Debug|Any CPU
		{CFDB7D46-EA8D-47DE-B10A-9E755A1B48BA}.Debug|x86.Build.0 = Debug|Any CPU
		{CFDB7D46-EA8D-47DE-B10A-9E755A1B48BA}.Release|Any CPU.ActiveCfg = Release|Any CPU
		{CFDB7D46-EA8D-47DE-B10A-9E755A1B48BA}.Release|Any CPU.Build.0 = Release|Any CPU
		{CFDB7D46-EA8D-47DE-B10A-9E755A1B48BA}.Release|x64.ActiveCfg = Release|Any CPU
		{CFDB7D46-EA8D-47DE-B10A-9E755A1B48BA}.Release|x64.Build.0 = Release|Any CPU
		{CFDB7D46-EA8D-47DE-B10A-9E755A1B48BA}.Release|x86.ActiveCfg = Release|Any CPU
		{CFDB7D46-EA8D-47DE-B10A-9E755A1B48BA}.Release|x86.Build.0 = Release|Any CPU
		{3A6B5303-FF3B-46B6-93E0-2E56A0D16CFD}.Debug|Any CPU.ActiveCfg = Debug|Any CPU
		{3A6B5303-FF3B-46B6-93E0-2E56A0D16CFD}.Debug|Any CPU.Build.0 = Debug|Any CPU
		{3A6B5303-FF3B-46B6-93E0-2E56A0D16CFD}.Debug|x64.ActiveCfg = Debug|Any CPU
		{3A6B5303-FF3B-46B6-93E0-2E56A0D16CFD}.Debug|x64.Build.0 = Debug|Any CPU
		{3A6B5303-FF3B-46B6-93E0-2E56A0D16CFD}.Debug|x86.ActiveCfg = Debug|Any CPU
		{3A6B5303-FF3B-46B6-93E0-2E56A0D16CFD}.Debug|x86.Build.0 = Debug|Any CPU
		{3A6B5303-FF3B-46B6-93E0-2E56A0D16CFD}.Release|Any CPU.ActiveCfg = Release|Any CPU
		{3A6B5303-FF3B-46B6-93E0-2E56A0D16CFD}.Release|Any CPU.Build.0 = Release|Any CPU
		{3A6B5303-FF3B-46B6-93E0-2E56A0D16CFD}.Release|x64.ActiveCfg = Release|Any CPU
		{3A6B5303-FF3B-46B6-93E0-2E56A0D16CFD}.Release|x64.Build.0 = Release|Any CPU
		{3A6B5303-FF3B-46B6-93E0-2E56A0D16CFD}.Release|x86.ActiveCfg = Release|Any CPU
		{3A6B5303-FF3B-46B6-93E0-2E56A0D16CFD}.Release|x86.Build.0 = Release|Any CPU
	EndGlobalSection
	GlobalSection(SolutionProperties) = preSolution
		HideSolutionNode = FALSE
	EndGlobalSection
	GlobalSection(ExtensibilityGlobals) = postSolution
		SolutionGuid = {00E8C826-FF0A-4F51-B641-F55A983AE4EE}
	EndGlobalSection
EndGlobal
